
Microsoft Visual Studio Solution File, Format Version 12.00
# Visual Studio Version 17
VisualStudioVersion = 17.11.35219.272
MinimumVisualStudioVersion = 10.0.40219.1
Project("{FAE04EC0-301F-11D3-BF4B-00C04F79EFBC}") = "ResourcePeldak", "ResourcePeldak\ResourcePeldak.csproj", "{A41C5661-3067-4526-AE89-13258930E5A6}"
EndProject
Global
	GlobalSection(SolutionConfigurationPlatforms) = preSolution
		Debug|Any CPU = Debug|Any CPU
		Release|Any CPU = Release|Any CPU
	EndGlobalSection
	GlobalSection(ProjectConfigurationPlatforms) = postSolution
		{A41C5661-3067-4526-AE89-13258930E5A6}.Debug|Any CPU.ActiveCfg = Debug|Any CPU
		{A41C5661-3067-4526-AE89-13258930E5A6}.Debug|Any CPU.Build.0 = Debug|Any CPU
		{A41C5661-3067-4526-AE89-13258930E5A6}.Release|Any CPU.ActiveCfg = Release|Any CPU
		{A41C5661-3067-4526-AE89-13258930E5A6}.Release|Any CPU.Build.0 = Release|Any CPU
	EndGlobalSection
	GlobalSection(SolutionProperties) = preSolution
		HideSolutionNode = FALSE
	EndGlobalSection
	GlobalSection(ExtensibilityGlobals) = postSolution
		SolutionGuid = {3F332119-46B3-4F9D-AD26-4B3FB39B5E4A}
	EndGlobalSection
EndGlobal
